
Microsoft Visual Studio Solution File, Format Version 12.00
# Visual Studio Version 17
VisualStudioVersion = 17.14.36310.24
MinimumVisualStudioVersion = 10.0.40219.1
Project("{FAE04EC0-301F-11D3-BF4B-00C04F79EFBC}") = "name-sorterTests", "name-sorterTests\name-sorterTests.csproj", "{DE3DDC17-FE98-F87A-8282-50BA68CFC518}"
EndProject
Project("{FAE04EC0-301F-11D3-BF4B-00C04F79EFBC}") = "name-sorter", "name-sorter\name-sorter.csproj", "{2D21063E-1440-EA5F-7C25-AC7D6AC3B28F}"
EndProject
Project("{FAE04EC0-301F-11D3-BF4B-00C04F79EFBC}") = "benchmark", "benchmark\benchmark.csproj", "{011C9B9C-C35F-4F54-A2FD-B0C76AB992B1}"
EndProject
Global
	GlobalSection(SolutionConfigurationPlatforms) = preSolution
		Debug|Any CPU = Debug|Any CPU
		Release|Any CPU = Release|Any CPU
	EndGlobalSection
	GlobalSection(ProjectConfigurationPlatforms) = postSolution
		{DE3DDC17-FE98-F87A-8282-50BA68CFC518}.Debug|Any CPU.ActiveCfg = Debug|Any CPU
		{DE3DDC17-FE98-F87A-8282-50BA68CFC518}.Debug|Any CPU.Build.0 = Debug|Any CPU
		{DE3DDC17-FE98-F87A-8282-50BA68CFC518}.Release|Any CPU.ActiveCfg = Release|Any CPU
		{DE3DDC17-FE98-F87A-8282-50BA68CFC518}.Release|Any CPU.Build.0 = Release|Any CPU
		{2D21063E-1440-EA5F-7C25-AC7D6AC3B28F}.Debug|Any CPU.ActiveCfg = Debug|Any CPU
		{2D21063E-1440-EA5F-7C25-AC7D6AC3B28F}.Debug|Any CPU.Build.0 = Debug|Any CPU
		{2D21063E-1440-EA5F-7C25-AC7D6AC3B28F}.Release|Any CPU.ActiveCfg = Release|Any CPU
		{2D21063E-1440-EA5F-7C25-AC7D6AC3B28F}.Release|Any CPU.Build.0 = Release|Any CPU
		{011C9B9C-C35F-4F54-A2FD-B0C76AB992B1}.Debug|Any CPU.ActiveCfg = Debug|Any CPU
		{011C9B9C-C35F-4F54-A2FD-B0C76AB992B1}.Debug|Any CPU.Build.0 = Debug|Any CPU
		{011C9B9C-C35F-4F54-A2FD-B0C76AB992B1}.Release|Any CPU.ActiveCfg = Release|Any CPU
		{011C9B9C-C35F-4F54-A2FD-B0C76AB992B1}.Release|Any CPU.Build.0 = Release|Any CPU
	EndGlobalSection
	GlobalSection(SolutionProperties) = preSolution
		HideSolutionNode = FALSE
	EndGlobalSection
	GlobalSection(ExtensibilityGlobals) = postSolution
		SolutionGuid = {7DF4DE64-E46E-410D-9248-2CFCF7BE734B}
	EndGlobalSection
EndGlobal
